# This file is automatically @generated by Cargo.
# It is not intended for manual editing.
version = 3

[[package]]
name = "geometric"
version = "0.2.1"
source = "registry+https://github.com/rust-lang/crates.io-index"
checksum = "09be83139dae8b2f5769739fe4e9786dbf82004e83460643b08c0975dc17440b"
dependencies = [
 "vecmath 0.3.1",
]

[[package]]
name = "piston-float"
version = "0.3.0"
source = "registry+https://github.com/rust-lang/crates.io-index"
checksum = "b058c3a640efd4bcf63266512e4bb03187192c1b29edd38b16d5a014613e3199"

[[package]]
name = "piston-float"
version = "1.0.1"
source = "registry+https://github.com/rust-lang/crates.io-index"
checksum = "ad78bf43dcf80e8f950c92b84f938a0fc7590b7f6866fbcbeca781609c115590"

[[package]]
name = "raytracing"
version = "0.1.0"
dependencies = [
 "geometric",
 "vecmath 1.0.0",
]

[[package]]
name = "vecmath"
version = "0.3.1"
source = "registry+https://github.com/rust-lang/crates.io-index"
checksum = "1bdd6034ee9c1e5e12485f3e4120e12777f6c81cf43bf9a73bff98ed2b479afe"
dependencies = [
 "piston-float 0.3.0",
]

[[package]]
name = "vecmath"
version = "1.0.0"
source = "registry+https://github.com/rust-lang/crates.io-index"
checksum = "956ae1e0d85bca567dee1dcf87fb1ca2e792792f66f87dced8381f99cd91156a"
dependencies = [
 "piston-float 1.0.1",
]
